// !$*UTF8*$!
{
	archiveVersion = 1;
	classes = {
	};
	objectVersion = 55;
	objects = {

/* Begin PBXBuildFile section */
		3AADAB9828AC05CA0054505C /* AppDelegate.swift in Sources */ = {isa = PBXBuildFile; fileRef = 3AADAB9728AC05CA0054505C /* AppDelegate.swift */; };
		3AADAB9A28AC05CA0054505C /* SceneDelegate.swift in Sources */ = {isa = PBXBuildFile; fileRef = 3AADAB9928AC05CA0054505C /* SceneDelegate.swift */; };
		3AADAB9C28AC05CA0054505C /* ViewController.swift in Sources */ = {isa = PBXBuildFile; fileRef = 3AADAB9B28AC05CA0054505C /* ViewController.swift */; };
		3AADAB9F28AC05CA0054505C /* Main.storyboard in Resources */ = {isa = PBXBuildFile; fileRef = 3AADAB9D28AC05CA0054505C /* Main.storyboard */; };
		3AADABA128AC05CD0054505C /* Assets.xcassets in Resources */ = {isa = PBXBuildFile; fileRef = 3AADABA028AC05CD0054505C /* Assets.xcassets */; };
		3AADABA428AC05CD0054505C /* LaunchScreen.storyboard in Resources */ = {isa = PBXBuildFile; fileRef = 3AADABA228AC05CD0054505C /* LaunchScreen.storyboard */; };
		7D785838B6F06E78B2C19510 /* Pods_it_alias.framework in Frameworks */ = {isa = PBXBuildFile; fileRef = 7DC68A2129AF593DF9D017F7 /* Pods_it_alias.framework */; };
/* End PBXBuildFile section */

/* Begin PBXFileReference section */
		31ABBA3B18CE3618095F16BC /* Pods-it-alias.release.xcconfig */ = {isa = PBXFileReference; includeInIndex = 1; lastKnownFileType = text.xcconfig; name = "Pods-it-alias.release.xcconfig"; path = "Target Support Files/Pods-it-alias/Pods-it-alias.release.xcconfig"; sourceTree = "<group>"; };
		3AADAB9428AC05CA0054505C /* it-alias.app */ = {isa = PBXFileReference; explicitFileType = wrapper.application; includeInIndex = 0; path = "it-alias.app"; sourceTree = BUILT_PRODUCTS_DIR; };
		3AADAB9728AC05CA0054505C /* AppDelegate.swift */ = {isa = PBXFileReference; lastKnownFileType = sourcecode.swift; path = AppDelegate.swift; sourceTree = "<group>"; };
		3AADAB9928AC05CA0054505C /* SceneDelegate.swift */ = {isa = PBXFileReference; lastKnownFileType = sourcecode.swift; path = SceneDelegate.swift; sourceTree = "<group>"; };
		3AADAB9B28AC05CA0054505C /* ViewController.swift */ = {isa = PBXFileReference; lastKnownFileType = sourcecode.swift; path = ViewController.swift; sourceTree = "<group>"; };
		3AADAB9E28AC05CA0054505C /* Base */ = {isa = PBXFileReference; lastKnownFileType = file.storyboard; name = Base; path = Base.lproj/Main.storyboard; sourceTree = "<group>"; };
		3AADABA028AC05CD0054505C /* Assets.xcassets */ = {isa = PBXFileReference; lastKnownFileType = folder.assetcatalog; path = Assets.xcassets; sourceTree = "<group>"; };
		3AADABA328AC05CD0054505C /* Base */ = {isa = PBXFileReference; lastKnownFileType = file.storyboard; name = Base; path = Base.lproj/LaunchScreen.storyboard; sourceTree = "<group>"; };
		3AADABA528AC05CD0054505C /* Info.plist */ = {isa = PBXFileReference; lastKnownFileType = text.plist.xml; path = Info.plist; sourceTree = "<group>"; };
		7DC68A2129AF593DF9D017F7 /* Pods_it_alias.framework */ = {isa = PBXFileReference; explicitFileType = wrapper.framework; includeInIndex = 0; path = Pods_it_alias.framework; sourceTree = BUILT_PRODUCTS_DIR; };
		9CC7A7C6DACA5EC794352294 /* Pods-it-alias.debug.xcconfig */ = {isa = PBXFileReference; includeInIndex = 1; lastKnownFileType = text.xcconfig; name = "Pods-it-alias.debug.xcconfig"; path = "Target Support Files/Pods-it-alias/Pods-it-alias.debug.xcconfig"; sourceTree = "<group>"; };
/* End PBXFileReference section */

/* Begin PBXFrameworksBuildPhase section */
		3AADAB9128AC05CA0054505C /* Frameworks */ = {
			isa = PBXFrameworksBuildPhase;
			buildActionMask = 2147483647;
			files = (
				7D785838B6F06E78B2C19510 /* Pods_it_alias.framework in Frameworks */,
			);
			runOnlyForDeploymentPostprocessing = 0;
		};
/* End PBXFrameworksBuildPhase section */

/* Begin PBXGroup section */
		234EDDB286D25690FE4F89C7 /* Frameworks */ = {
			isa = PBXGroup;
			children = (
				7DC68A2129AF593DF9D017F7 /* Pods_it_alias.framework */,
			);
			name = Frameworks;
			sourceTree = "<group>";
		};
		3AADAB8B28AC05CA0054505C = {
			isa = PBXGroup;
			children = (
				3AADAB9628AC05CA0054505C /* it-alias */,
				3AADAB9528AC05CA0054505C /* Products */,
				E8EACB23EA65834902AA8F7F /* Pods */,
				234EDDB286D25690FE4F89C7 /* Frameworks */,
			);
			sourceTree = "<group>";
		};
		3AADAB9528AC05CA0054505C /* Products */ = {
			isa = PBXGroup;
			children = (
				3AADAB9428AC05CA0054505C /* it-alias.app */,
			);
			name = Products;
			sourceTree = "<group>";
		};
		3AADAB9628AC05CA0054505C /* it-alias */ = {
			isa = PBXGroup;
			children = (
				3AADAB9728AC05CA0054505C /* AppDelegate.swift */,
				3AADAB9928AC05CA0054505C /* SceneDelegate.swift */,
				3AADAB9B28AC05CA0054505C /* ViewController.swift */,
				3AADAB9D28AC05CA0054505C /* Main.storyboard */,
				3AADABA028AC05CD0054505C /* Assets.xcassets */,
				3AADABA228AC05CD0054505C /* LaunchScreen.storyboard */,
				3AADABA528AC05CD0054505C /* Info.plist */,
			);
			path = "it-alias";
			sourceTree = "<group>";
		};
		E8EACB23EA65834902AA8F7F /* Pods */ = {
			isa = PBXGroup;
			children = (
				9CC7A7C6DACA5EC794352294 /* Pods-it-alias.debug.xcconfig */,
				31ABBA3B18CE3618095F16BC /* Pods-it-alias.release.xcconfig */,
			);
			name = Pods;
			path = Pods;
			sourceTree = "<group>";
		};
/* End PBXGroup section */

/* Begin PBXNativeTarget section */
		3AADAB9328AC05CA0054505C /* it-alias */ = {
			isa = PBXNativeTarget;
			buildConfigurationList = 3AADABA828AC05CD0054505C /* Build configuration list for PBXNativeTarget "it-alias" */;
			buildPhases = (
				08EE5D9655F4D0C3C71014E4 /* [CP] Check Pods Manifest.lock */,
				3AADAB9028AC05CA0054505C /* Sources */,
				3AADAB9128AC05CA0054505C /* Frameworks */,
				3AADAB9228AC05CA0054505C /* Resources */,
			);
			buildRules = (
			);
			dependencies = (
			);
			name = "it-alias";
			productName = "it-alias";
			productReference = 3AADAB9428AC05CA0054505C /* it-alias.app */;
			productType = "com.apple.product-type.application";
		};
/* End PBXNativeTarget section */

/* Begin PBXProject section */
		3AADAB8C28AC05CA0054505C /* Project object */ = {
			isa = PBXProject;
			attributes = {
				BuildIndependentTargetsInParallel = 1;
				LastSwiftUpdateCheck = 1320;
				LastUpgradeCheck = 1320;
				TargetAttributes = {
					3AADAB9328AC05CA0054505C = {
						CreatedOnToolsVersion = 13.2.1;
					};
				};
			};
			buildConfigurationList = 3AADAB8F28AC05CA0054505C /* Build configuration list for PBXProject "it-alias" */;
			compatibilityVersion = "Xcode 13.0";
			developmentRegion = en;
			hasScannedForEncodings = 0;
			knownRegions = (
				en,
				Base,
			);
			mainGroup = 3AADAB8B28AC05CA0054505C;
			productRefGroup = 3AADAB9528AC05CA0054505C /* Products */;
			projectDirPath = "";
			projectRoot = "";
			targets = (
				3AADAB9328AC05CA0054505C /* it-alias */,
			);
		};
/* End PBXProject section */

/* Begin PBXResourcesBuildPhase section */
		3AADAB9228AC05CA0054505C /* Resources */ = {
			isa = PBXResourcesBuildPhase;
			buildActionMask = 2147483647;
			files = (
				3AADABA428AC05CD0054505C /* LaunchScreen.storyboard in Resources */,
				3AADABA128AC05CD0054505C /* Assets.xcassets in Resources */,
				3AADAB9F28AC05CA0054505C /* Main.storyboard in Resources */,
			);
			runOnlyForDeploymentPostprocessing = 0;
		};
/* End PBXResourcesBuildPhase section */

/* Begin PBXShellScriptBuildPhase section */
		08EE5D9655F4D0C3C71014E4 /* [CP] Check Pods Manifest.lock */ = {
			isa = PBXShellScriptBuildPhase;
			buildActionMask = 2147483647;
			files = (
			);
			inputFileListPaths = (
			);
			inputPaths = (
				"${PODS_PODFILE_DIR_PATH}/Podfile.lock",
				"${PODS_ROOT}/Manifest.lock",
			);
			name = "[CP] Check Pods Manifest.lock";
			outputFileListPaths = (
			);
			outputPaths = (
				"$(DERIVED_FILE_DIR)/Pods-it-alias-checkManifestLockResult.txt",
			);
			runOnlyForDeploymentPostprocessing = 0;
			shellPath = /bin/sh;
			shellScript = "diff \"${PODS_PODFILE_DIR_PATH}/Podfile.lock\" \"${PODS_ROOT}/Manifest.lock\" > /dev/null\nif [ $? != 0 ] ; then\n    # print error to STDERR\n    echo \"error: The sandbox is not in sync with the Podfile.lock. Run 'pod install' or update your CocoaPods installation.\" >&2\n    exit 1\nfi\n# This output is used by Xcode 'outputs' to avoid re-running this script phase.\necho \"SUCCESS\" > \"${SCRIPT_OUTPUT_FILE_0}\"\n";
			showEnvVarsInLog = 0;
		};
/* End PBXShellScriptBuildPhase section */

/* Begin PBXSourcesBuildPhase section */
		3AADAB9028AC05CA0054505C /* Sources */ = {
			isa = PBXSourcesBuildPhase;
			buildActionMask = 2147483647;
			files = (
				3AADAB9C28AC05CA0054505C /* ViewController.swift in Sources */,
				3AADAB9828AC05CA0054505C /* AppDelegate.swift in Sources */,
				3AADAB9A28AC05CA0054505C /* SceneDelegate.swift in Sources */,
			);
			runOnlyForDeploymentPostprocessing = 0;
		};
/* End PBXSourcesBuildPhase section */

/* Begin PBXVariantGroup section */
		3AADAB9D28AC05CA0054505C /* Main.storyboard */ = {
			isa = PBXVariantGroup;
			children = (
				3AADAB9E28AC05CA0054505C /* Base */,
			);
			name = Main.storyboard;
			sourceTree = "<group>";
		};
		3AADABA228AC05CD0054505C /* LaunchScreen.storyboard */ = {
			isa = PBXVariantGroup;
			children = (
				3AADABA328AC05CD0054505C /* Base */,
			);
			name = LaunchScreen.storyboard;
			sourceTree = "<group>";
		};
/* End PBXVariantGroup section */

/* Begin XCBuildConfiguration section */
		3AADABA628AC05CD0054505C /* Debug */ = {
			isa = XCBuildConfiguration;
			buildSettings = {
				ALWAYS_SEARCH_USER_PATHS = NO;
				CLANG_ANALYZER_NONNULL = YES;
				CLANG_ANALYZER_NUMBER_OBJECT_CONVERSION = YES_AGGRESSIVE;
				CLANG_CXX_LANGUAGE_STANDARD = "gnu++17";
				CLANG_CXX_LIBRARY = "libc++";
				CLANG_ENABLE_MODULES = YES;
				CLANG_ENABLE_OBJC_ARC = YES;
				CLANG_ENABLE_OBJC_WEAK = YES;
				CLANG_WARN_BLOCK_CAPTURE_AUTORELEASING = YES;
				CLANG_WARN_BOOL_CONVERSION = YES;
				CLANG_WARN_COMMA = YES;
				CLANG_WARN_CONSTANT_CONVERSION = YES;
				CLANG_WARN_DEPRECATED_OBJC_IMPLEMENTATIONS = YES;
				CLANG_WARN_DIRECT_OBJC_ISA_USAGE = YES_ERROR;
				CLANG_WARN_DOCUMENTATION_COMMENTS = YES;
				CLANG_WARN_EMPTY_BODY = YES;
				CLANG_WARN_ENUM_CONVERSION = YES;
				CLANG_WARN_INFINITE_RECURSION = YES;
				CLANG_WARN_INT_CONVERSION = YES;
				CLANG_WARN_NON_LITERAL_NULL_CONVERSION = YES;
				CLANG_WARN_OBJC_IMPLICIT_RETAIN_SELF = YES;
				CLANG_WARN_OBJC_LITERAL_CONVERSION = YES;
				CLANG_WARN_OBJC_ROOT_CLASS = YES_ERROR;
				CLANG_WARN_QUOTED_INCLUDE_IN_FRAMEWORK_HEADER = YES;
				CLANG_WARN_RANGE_LOOP_ANALYSIS = YES;
				CLANG_WARN_STRICT_PROTOTYPES = YES;
				CLANG_WARN_SUSPICIOUS_MOVE = YES;
				CLANG_WARN_UNGUARDED_AVAILABILITY = YES_AGGRESSIVE;
				CLANG_WARN_UNREACHABLE_CODE = YES;
				CLANG_WARN__DUPLICATE_METHOD_MATCH = YES;
				COPY_PHASE_STRIP = NO;
				DEBUG_INFORMATION_FORMAT = dwarf;
				ENABLE_STRICT_OBJC_MSGSEND = YES;
				ENABLE_TESTABILITY = YES;
				GCC_C_LANGUAGE_STANDARD = gnu11;
				GCC_DYNAMIC_NO_PIC = NO;
				GCC_NO_COMMON_BLOCKS = YES;
				GCC_OPTIMIZATION_LEVEL = 0;
				GCC_PREPROCESSOR_DEFINITIONS = (
					"DEBUG=1",
					"$(inherited)",
				);
				GCC_WARN_64_TO_32_BIT_CONVERSION = YES;
				GCC_WARN_ABOUT_RETURN_TYPE = YES_ERROR;
				GCC_WARN_UNDECLARED_SELECTOR = YES;
				GCC_WARN_UNINITIALIZED_AUTOS = YES_AGGRESSIVE;
				GCC_WARN_UNUSED_FUNCTION = YES;
				GCC_WARN_UNUSED_VARIABLE = YES;
				IPHONEOS_DEPLOYMENT_TARGET = 15.2;
				MTL_ENABLE_DEBUG_INFO = INCLUDE_SOURCE;
				MTL_FAST_MATH = YES;
				ONLY_ACTIVE_ARCH = YES;
				SDKROOT = iphoneos;
				SWIFT_ACTIVE_COMPILATION_CONDITIONS = DEBUG;
				SWIFT_OPTIMIZATION_LEVEL = "-Onone";
			};
			name = Debug;
		};
		3AADABA728AC05CD0054505C /* Release */ = {
			isa = XCBuildConfiguration;
			buildSettings = {
				ALWAYS_SEARCH_USER_PATHS = NO;
				CLANG_ANALYZER_NONNULL = YES;
				CLANG_ANALYZER_NUMBER_OBJECT_CONVERSION = YES_AGGRESSIVE;
				CLANG_CXX_LANGUAGE_STANDARD = "gnu++17";
				CLANG_CXX_LIBRARY = "libc++";
				CLANG_ENABLE_MODULES = YES;
				CLANG_ENABLE_OBJC_ARC = YES;
				CLANG_ENABLE_OBJC_WEAK = YES;
				CLANG_WARN_BLOCK_CAPTURE_AUTORELEASING = YES;
				CLANG_WARN_BOOL_CONVERSION = YES;
				CLANG_WARN_COMMA = YES;
				CLANG_WARN_CONSTANT_CONVERSION = YES;
				CLANG_WARN_DEPRECATED_OBJC_IMPLEMENTATIONS = YES;
				CLANG_WARN_DIRECT_OBJC_ISA_USAGE = YES_ERROR;
				CLANG_WARN_DOCUMENTATION_COMMENTS = YES;
				CLANG_WARN_EMPTY_BODY = YES;
				CLANG_WARN_ENUM_CONVERSION = YES;
				CLANG_WARN_INFINITE_RECURSION = YES;
				CLANG_WARN_INT_CONVERSION = YES;
				CLANG_WARN_NON_LITERAL_NULL_CONVERSION = YES;
				CLANG_WARN_OBJC_IMPLICIT_RETAIN_SELF = YES;
				CLANG_WARN_OBJC_LITERAL_CONVERSION = YES;
				CLANG_WARN_OBJC_ROOT_CLASS = YES_ERROR;
				CLANG_WARN_QUOTED_INCLUDE_IN_FRAMEWORK_HEADER = YES;
				CLANG_WARN_RANGE_LOOP_ANALYSIS = YES;
				CLANG_WARN_STRICT_PROTOTYPES = YES;
				CLANG_WARN_SUSPICIOUS_MOVE = YES;
				CLANG_WARN_UNGUARDED_AVAILABILITY = YES_AGGRESSIVE;
				CLANG_WARN_UNREACHABLE_CODE = YES;
				CLANG_WARN__DUPLICATE_METHOD_MATCH = YES;
				COPY_PHASE_STRIP = NO;
				DEBUG_INFORMATION_FORMAT = "dwarf-with-dsym";
				ENABLE_NS_ASSERTIONS = NO;
				ENABLE_STRICT_OBJC_MSGSEND = YES;
				GCC_C_LANGUAGE_STANDARD = gnu11;
				GCC_NO_COMMON_BLOCKS = YES;
				GCC_WARN_64_TO_32_BIT_CONVERSION = YES;
				GCC_WARN_ABOUT_RETURN_TYPE = YES_ERROR;
				GCC_WARN_UNDECLARED_SELECTOR = YES;
				GCC_WARN_UNINITIALIZED_AUTOS = YES_AGGRESSIVE;
				GCC_WARN_UNUSED_FUNCTION = YES;
				GCC_WARN_UNUSED_VARIABLE = YES;
				IPHONEOS_DEPLOYMENT_TARGET = 15.2;
				MTL_ENABLE_DEBUG_INFO = NO;
				MTL_FAST_MATH = YES;
				SDKROOT = iphoneos;
				SWIFT_COMPILATION_MODE = wholemodule;
				SWIFT_OPTIMIZATION_LEVEL = "-O";
				VALIDATE_PRODUCT = YES;
			};
			name = Release;
		};
		3AADABA928AC05CD0054505C /* Debug */ = {
			isa = XCBuildConfiguration;
			baseConfigurationReference = 9CC7A7C6DACA5EC794352294 /* Pods-it-alias.debug.xcconfig */;
			buildSettings = {
				ASSETCATALOG_COMPILER_APPICON_NAME = AppIcon;
				ASSETCATALOG_COMPILER_GLOBAL_ACCENT_COLOR_NAME = AccentColor;
				CODE_SIGN_STYLE = Automatic;
				CURRENT_PROJECT_VERSION = 1;
				DEVELOPMENT_TEAM = M46WL2C5J3;
				GENERATE_INFOPLIST_FILE = YES;
				INFOPLIST_FILE = "it-alias/Info.plist";
				INFOPLIST_KEY_UIApplicationSupportsIndirectInputEvents = YES;
				INFOPLIST_KEY_UILaunchStoryboardName = LaunchScreen;
				INFOPLIST_KEY_UIMainStoryboardFile = Main;
				INFOPLIST_KEY_UISupportedInterfaceOrientations_iPad = "UIInterfaceOrientationPortrait UIInterfaceOrientationPortraitUpsideDown UIInterfaceOrientationLandscapeLeft UIInterfaceOrientationLandscapeRight";
				INFOPLIST_KEY_UISupportedInterfaceOrientations_iPhone = "UIInterfaceOrientationPortrait UIInterfaceOrientationLandscapeLeft UIInterfaceOrientationLandscapeRight";
				LD_RUNPATH_SEARCH_PATHS = (
					"$(inherited)",
					"@executable_path/Frameworks",
				);
				MARKETING_VERSION = 1.0;
				PRODUCT_BUNDLE_IDENTIFIER = "com.Elijah.it-alias";
				PRODUCT_NAME = "$(TARGET_NAME)";
				SWIFT_EMIT_LOC_STRINGS = YES;
				SWIFT_VERSION = 5.0;
				TARGETED_DEVICE_FAMILY = "1,2";
			};
			name = Debug;
		};
		3AADABAA28AC05CD0054505C /* Release */ = {
			isa = XCBuildConfiguration;
			baseConfigurationReference = 31ABBA3B18CE3618095F16BC /* Pods-it-alias.release.xcconfig */;
			buildSettings = {
				ASSETCATALOG_COMPILER_APPICON_NAME = AppIcon;
				ASSETCATALOG_COMPILER_GLOBAL_ACCENT_COLOR_NAME = AccentColor;
				CODE_SIGN_STYLE = Automatic;
				CURRENT_PROJECT_VERSION = 1;
				DEVELOPMENT_TEAM = M46WL2C5J3;
				GENERATE_INFOPLIST_FILE = YES;
				INFOPLIST_FILE = "it-alias/Info.plist";
				INFOPLIST_KEY_UIApplicationSupportsIndirectInputEvents = YES;
				INFOPLIST_KEY_UILaunchStoryboardName = LaunchScreen;
				INFOPLIST_KEY_UIMainStoryboardFile = Main;
				INFOPLIST_KEY_UISupportedInterfaceOrientations_iPad = "UIInterfaceOrientationPortrait UIInterfaceOrientationPortraitUpsideDown UIInterfaceOrientationLandscapeLeft UIInterfaceOrientationLandscapeRight";
				INFOPLIST_KEY_UISupportedInterfaceOrientations_iPhone = "UIInterfaceOrientationPortrait UIInterfaceOrientationLandscapeLeft UIInterfaceOrientationLandscapeRight";
				LD_RUNPATH_SEARCH_PATHS = (
					"$(inherited)",
					"@executable_path/Frameworks",
				);
				MARKETING_VERSION = 1.0;
				PRODUCT_BUNDLE_IDENTIFIER = "com.Elijah.it-alias";
				PRODUCT_NAME = "$(TARGET_NAME)";
				SWIFT_EMIT_LOC_STRINGS = YES;
				SWIFT_VERSION = 5.0;
				TARGETED_DEVICE_FAMILY = "1,2";
			};
			name = Release;
		};
/* End XCBuildConfiguration section */

/* Begin XCConfigurationList section */
		3AADAB8F28AC05CA0054505C /* Build configuration list for PBXProject "it-alias" */ = {
			isa = XCConfigurationList;
			buildConfigurations = (
				3AADABA628AC05CD0054505C /* Debug */,
				3AADABA728AC05CD0054505C /* Release */,
			);
			defaultConfigurationIsVisible = 0;
			defaultConfigurationName = Release;
		};
		3AADABA828AC05CD0054505C /* Build configuration list for PBXNativeTarget "it-alias" */ = {
			isa = XCConfigurationList;
			buildConfigurations = (
				3AADABA928AC05CD0054505C /* Debug */,
				3AADABAA28AC05CD0054505C /* Release */,
			);
			defaultConfigurationIsVisible = 0;
			defaultConfigurationName = Release;
		};
/* End XCConfigurationList section */
	};
	rootObject = 3AADAB8C28AC05CA0054505C /* Project object */;
}
